Microsoft Visual Studio Solution File, Format Version 11.00
# Visual Studio 2008

Project("{8EFA029C-D8C4-AE4E-DD9D-AB3FD6D49E19}") = "ScrollAction", "Assembly-CSharp.csproj", "{2FC59FC2-EE44-13C3-E03F-276BF7D056DD}"
EndProject
Global
	GlobalSection(SolutionConfigurationPlatforms) = preSolution
		Debug|Any CPU = Debug|Any CPU
		Release|Any CPU = Release|Any CPU
	EndGlobalSection
	GlobalSection(ProjectConfigurationPlatforms) = postSolution
		{2FC59FC2-EE44-13C3-E03F-276BF7D056DD}.Debug|Any CPU.ActiveCfg = Debug|Any CPU
		{2FC59FC2-EE44-13C3-E03F-276BF7D056DD}.Debug|Any CPU.Build.0 = Debug|Any CPU
		{2FC59FC2-EE44-13C3-E03F-276BF7D056DD}.Release|Any CPU.ActiveCfg = Release|Any CPU
		{2FC59FC2-EE44-13C3-E03F-276BF7D056DD}.Release|Any CPU.Build.0 = Release|Any CPU
	EndGlobalSection
	GlobalSection(SolutionProperties) = preSolution
		HideSolutionNode = FALSE
	EndGlobalSection
	GlobalSection(MonoDevelopProperties) = preSolution
		StartupItem = Assembly-CSharp.csproj
	EndGlobalSection
EndGlobal
